<Solution>
  <Project Path="SpanDissolve.Example/SpanDissolve.Example.csproj" Id="ebee4308-10cc-4d36-8c41-1c2e7123da8b" />
  <Project Path="SpanDissolve.Fody/SpanDissolve.Fody.csproj" Id="c6c1f2d0-e6c2-4973-88e5-41bf8463b5bd" />
  <Project Path="SpanDissolve.InSolutionWeaver/SpanDissolve.InSolutionWeaver.csproj" />
  <Project Path="SpanDissolve/SpanDissolve.csproj" />
</Solution>
